
Microsoft Visual Studio Solution File, Format Version 12.00
# Visual Studio Version 17
VisualStudioVersion = 17.1.32328.378
MinimumVisualStudioVersion = 10.0.40219.1
Project("{FAE04EC0-301F-11D3-BF4B-00C04F79EFBC}") = "ConsoleApp1", "ConsoleApp1\ConsoleApp1.csproj", "{71AB9B10-EBC9-45E6-A4C7-8E4660046A08}"
EndProject
Project("{FAE04EC0-301F-11D3-BF4B-00C04F79EFBC}") = "ConsoleApp2", "ConsoleApp2\ConsoleApp2.csproj", "{F8320EFB-643D-4D35-9784-83F5FE911D72}"
EndProject
Project("{FAE04EC0-301F-11D3-BF4B-00C04F79EFBC}") = "ConsoleApp3", "ConsoleApp3\ConsoleApp3.csproj", "{26489174-06D4-43B5-9496-2BBF989CCE8D}"
EndProject
Project("{FAE04EC0-301F-11D3-BF4B-00C04F79EFBC}") = "ConsoleApp4", "ConsoleApp4\ConsoleApp4.csproj", "{6378A56A-4AE9-4AFE-9C59-CC5CF408DC7B}"
EndProject
Global
	GlobalSection(SolutionConfigurationPlatforms) = preSolution
		Debug|Any CPU = Debug|Any CPU
		Release|Any CPU = Release|Any CPU
	EndGlobalSection
	GlobalSection(ProjectConfigurationPlatforms) = postSolution
		{71AB9B10-EBC9-45E6-A4C7-8E4660046A08}.Debug|Any CPU.ActiveCfg = Debug|Any CPU
		{71AB9B10-EBC9-45E6-A4C7-8E4660046A08}.Debug|Any CPU.Build.0 = Debug|Any CPU
		{71AB9B10-EBC9-45E6-A4C7-8E4660046A08}.Release|Any CPU.ActiveCfg = Release|Any CPU
		{71AB9B10-EBC9-45E6-A4C7-8E4660046A08}.Release|Any CPU.Build.0 = Release|Any CPU
		{F8320EFB-643D-4D35-9784-83F5FE911D72}.Debug|Any CPU.ActiveCfg = Debug|Any CPU
		{F8320EFB-643D-4D35-9784-83F5FE911D72}.Debug|Any CPU.Build.0 = Debug|Any CPU
		{F8320EFB-643D-4D35-9784-83F5FE911D72}.Release|Any CPU.ActiveCfg = Release|Any CPU
		{F8320EFB-643D-4D35-9784-83F5FE911D72}.Release|Any CPU.Build.0 = Release|Any CPU
		{26489174-06D4-43B5-9496-2BBF989CCE8D}.Debug|Any CPU.ActiveCfg = Debug|Any CPU
		{26489174-06D4-43B5-9496-2BBF989CCE8D}.Debug|Any CPU.Build.0 = Debug|Any CPU
		{26489174-06D4-43B5-9496-2BBF989CCE8D}.Release|Any CPU.ActiveCfg = Release|Any CPU
		{26489174-06D4-43B5-9496-2BBF989CCE8D}.Release|Any CPU.Build.0 = Release|Any CPU
		{6378A56A-4AE9-4AFE-9C59-CC5CF408DC7B}.Debug|Any CPU.ActiveCfg = Debug|Any CPU
		{6378A56A-4AE9-4AFE-9C59-CC5CF408DC7B}.Debug|Any CPU.Build.0 = Debug|Any CPU
		{6378A56A-4AE9-4AFE-9C59-CC5CF408DC7B}.Release|Any CPU.ActiveCfg = Release|Any CPU
		{6378A56A-4AE9-4AFE-9C59-CC5CF408DC7B}.Release|Any CPU.Build.0 = Release|Any CPU
	EndGlobalSection
	GlobalSection(SolutionProperties) = preSolution
		HideSolutionNode = FALSE
	EndGlobalSection
	GlobalSection(ExtensibilityGlobals) = postSolution
		SolutionGuid = {24B2B5D8-0994-4242-8612-D695A0850806}
	EndGlobalSection
EndGlobal
